
Microsoft Visual Studio Solution File, Format Version 12.00
# Visual Studio Version 16
VisualStudioVersion = 16.0.30717.126
MinimumVisualStudioVersion = 10.0.40219.1
Project("{9A19103F-16F7-4668-BE54-9A1E7A4F7556}") = "Abp.ZeroCore.IdentityServer4.Configuration", "src\Abp.ZeroCore.IdentityServer4.Configuration\Abp.ZeroCore.IdentityServer4.Configuration.csproj", "{0ED0E47B-4AE0-4C46-8A3F-EA981C37BA68}"
EndProject
Project("{9A19103F-16F7-4668-BE54-9A1E7A4F7556}") = "Abp.ZeroCore.IdentityServer4.Configuration.EntityFramework", "src\Abp.ZeroCore.IdentityServer4.Configuration.EntityFramework\Abp.ZeroCore.IdentityServer4.Configuration.EntityFramework.csproj", "{6D662E67-F3A6-4150-A400-2BAB4D6C8270}"
EndProject
Project("{2150E333-8FDC-42A3-9474-1A3956D46DE8}") = "src", "src", "{C18ECEF5-71C0-4324-9FA4-9CD642C55A15}"
EndProject
Project("{2150E333-8FDC-42A3-9474-1A3956D46DE8}") = "test", "test", "{9E023774-5500-4F1D-B8F9-05046A50CE8C}"
EndProject
Project("{2150E333-8FDC-42A3-9474-1A3956D46DE8}") = "Solution Items", "Solution Items", "{B92FDA8D-A6BE-422E-A075-095693CA13A8}"
	ProjectSection(SolutionItems) = preProject
		Abp.ZeroCore.IdentityServer4.Configuration.sln.licenseheader = Abp.ZeroCore.IdentityServer4.Configuration.sln.licenseheader
		LICENSE = LICENSE
		LICENSE-IdentityServer4-EntityFramework = LICENSE-IdentityServer4-EntityFramework
	EndProjectSection
EndProject
Project("{9A19103F-16F7-4668-BE54-9A1E7A4F7556}") = "Abp.ZeroCore.IdentityServer4.vNext.Configuration", "src\Abp.ZeroCore.IdentityServer4.vNext.Configuration\Abp.ZeroCore.IdentityServer4.vNext.Configuration.csproj", "{505E2785-BFB7-4341-8A41-26171DD8E35D}"
EndProject
Project("{9A19103F-16F7-4668-BE54-9A1E7A4F7556}") = "Abp.ZeroCore.IdentityServer4.vNext.Configuration.EntityFramework", "src\Abp.ZeroCore.IdentityServer4.vNext.Configuration.EntityFramework\Abp.ZeroCore.IdentityServer4.vNext.Configuration.EntityFramework.csproj", "{F2F26EE1-879C-4680-8EA2-52D15D319AC8}"
EndProject
Global
	GlobalSection(SolutionConfigurationPlatforms) = preSolution
		Debug|Any CPU = Debug|Any CPU
		Release|Any CPU = Release|Any CPU
	EndGlobalSection
	GlobalSection(ProjectConfigurationPlatforms) = postSolution
		{0ED0E47B-4AE0-4C46-8A3F-EA981C37BA68}.Debug|Any CPU.ActiveCfg = Debug|Any CPU
		{0ED0E47B-4AE0-4C46-8A3F-EA981C37BA68}.Debug|Any CPU.Build.0 = Debug|Any CPU
		{0ED0E47B-4AE0-4C46-8A3F-EA981C37BA68}.Release|Any CPU.ActiveCfg = Release|Any CPU
		{0ED0E47B-4AE0-4C46-8A3F-EA981C37BA68}.Release|Any CPU.Build.0 = Release|Any CPU
		{6D662E67-F3A6-4150-A400-2BAB4D6C8270}.Debug|Any CPU.ActiveCfg = Debug|Any CPU
		{6D662E67-F3A6-4150-A400-2BAB4D6C8270}.Debug|Any CPU.Build.0 = Debug|Any CPU
		{6D662E67-F3A6-4150-A400-2BAB4D6C8270}.Release|Any CPU.ActiveCfg = Release|Any CPU
		{6D662E67-F3A6-4150-A400-2BAB4D6C8270}.Release|Any CPU.Build.0 = Release|Any CPU
		{505E2785-BFB7-4341-8A41-26171DD8E35D}.Debug|Any CPU.ActiveCfg = Debug|Any CPU
		{505E2785-BFB7-4341-8A41-26171DD8E35D}.Debug|Any CPU.Build.0 = Debug|Any CPU
		{505E2785-BFB7-4341-8A41-26171DD8E35D}.Release|Any CPU.ActiveCfg = Release|Any CPU
		{505E2785-BFB7-4341-8A41-26171DD8E35D}.Release|Any CPU.Build.0 = Release|Any CPU
		{F2F26EE1-879C-4680-8EA2-52D15D319AC8}.Debug|Any CPU.ActiveCfg = Debug|Any CPU
		{F2F26EE1-879C-4680-8EA2-52D15D319AC8}.Debug|Any CPU.Build.0 = Debug|Any CPU
		{F2F26EE1-879C-4680-8EA2-52D15D319AC8}.Release|Any CPU.ActiveCfg = Release|Any CPU
		{F2F26EE1-879C-4680-8EA2-52D15D319AC8}.Release|Any CPU.Build.0 = Release|Any CPU
	EndGlobalSection
	GlobalSection(SolutionProperties) = preSolution
		HideSolutionNode = FALSE
	EndGlobalSection
	GlobalSection(NestedProjects) = preSolution
		{0ED0E47B-4AE0-4C46-8A3F-EA981C37BA68} = {C18ECEF5-71C0-4324-9FA4-9CD642C55A15}
		{6D662E67-F3A6-4150-A400-2BAB4D6C8270} = {C18ECEF5-71C0-4324-9FA4-9CD642C55A15}
		{505E2785-BFB7-4341-8A41-26171DD8E35D} = {C18ECEF5-71C0-4324-9FA4-9CD642C55A15}
		{F2F26EE1-879C-4680-8EA2-52D15D319AC8} = {C18ECEF5-71C0-4324-9FA4-9CD642C55A15}
	EndGlobalSection
	GlobalSection(ExtensibilityGlobals) = postSolution
		SolutionGuid = {0620D462-1C07-4BC7-BEDD-9D4E1AAB6D53}
	EndGlobalSection
EndGlobal
